// !$*UTF8*$!
{
	archiveVersion = 1;
	classes = {
	};
	objectVersion = 46;
	objects = {

/* Begin PBXBuildFile section */
		4F27EBD81CA703CB00AE4C73 /* AppDelegate.swift in Sources */ = {isa = PBXBuildFile; fileRef = 4F27EBD71CA703CB00AE4C73 /* AppDelegate.swift */; };
		4F27EBDD1CA703CB00AE4C73 /* Main.storyboard in Resources */ = {isa = PBXBuildFile; fileRef = 4F27EBDB1CA703CB00AE4C73 /* Main.storyboard */; };
		4F27EBDF1CA703CB00AE4C73 /* Assets.xcassets in Resources */ = {isa = PBXBuildFile; fileRef = 4F27EBDE1CA703CB00AE4C73 /* Assets.xcassets */; };
		4F27EBE21CA703CB00AE4C73 /* LaunchScreen.storyboard in Resources */ = {isa = PBXBuildFile; fileRef = 4F27EBE01CA703CB00AE4C73 /* LaunchScreen.storyboard */; };
		4F27EBED1CA703CB00AE4C73 /* DataArchitectureSampleTests.swift in Sources */ = {isa = PBXBuildFile; fileRef = 4F27EBEC1CA703CB00AE4C73 /* DataArchitectureSampleTests.swift */; };
		4F6251DC1CA994B400983337 /* Country.swift in Sources */ = {isa = PBXBuildFile; fileRef = 4F6251D91CA994B400983337 /* Country.swift */; };
		4F6251DD1CA994B400983337 /* CountryTableViewCell.swift in Sources */ = {isa = PBXBuildFile; fileRef = 4F6251DA1CA994B400983337 /* CountryTableViewCell.swift */; };
		4F6251DE1CA994B400983337 /* CountryTableViewCell.xib in Resources */ = {isa = PBXBuildFile; fileRef = 4F6251DB1CA994B400983337 /* CountryTableViewCell.xib */; };
		4F6251F71CA9950500983337 /* MassiveViewController.swift in Sources */ = {isa = PBXBuildFile; fileRef = 4F6251E01CA9950500983337 /* MassiveViewController.swift */; };
		4F6251F81CA9950500983337 /* CountriesDataSource.swift in Sources */ = {isa = PBXBuildFile; fileRef = 4F6251E21CA9950500983337 /* CountriesDataSource.swift */; };
		4F6251F91CA9950500983337 /* LighterViewController.swift in Sources */ = {isa = PBXBuildFile; fileRef = 4F6251E31CA9950500983337 /* LighterViewController.swift */; };
		4FBF75D71CA997350032AD54 /* CountriesDataCoordinator.swift in Sources */ = {isa = PBXBuildFile; fileRef = 4FBF75C61CA997350032AD54 /* CountriesDataCoordinator.swift */; };
		4FBF75D81CA997350032AD54 /* CountriesDataProvider.swift in Sources */ = {isa = PBXBuildFile; fileRef = 4FBF75C71CA997350032AD54 /* CountriesDataProvider.swift */; };
		4FBF75D91CA997350032AD54 /* DataCoordinatorViewController.swift in Sources */ = {isa = PBXBuildFile; fileRef = 4FBF75C81CA997350032AD54 /* DataCoordinatorViewController.swift */; };
		4FBF75DA1CA997350032AD54 /* DataProvider.swift in Sources */ = {isa = PBXBuildFile; fileRef = 4FBF75CA1CA997350032AD54 /* DataProvider.swift */; };
		4FBF75DB1CA997350032AD54 /* GenericCollectionViewDataCoordinator.swift in Sources */ = {isa = PBXBuildFile; fileRef = 4FBF75CD1CA997350032AD54 /* GenericCollectionViewDataCoordinator.swift */; };
		4FBF75DC1CA997350032AD54 /* GenericTableViewDataCoordinator.swift in Sources */ = {isa = PBXBuildFile; fileRef = 4FBF75CE1CA997350032AD54 /* GenericTableViewDataCoordinator.swift */; };
		4FBF75DD1CA997350032AD54 /* GenericDataCoordinatorViewController.swift in Sources */ = {isa = PBXBuildFile; fileRef = 4FBF75CF1CA997350032AD54 /* GenericDataCoordinatorViewController.swift */; };
		4FBF75DE1CA997350032AD54 /* ConfigurableCell.swift in Sources */ = {isa = PBXBuildFile; fileRef = 4FBF75D11CA997350032AD54 /* ConfigurableCell.swift */; };
		4FBF75DF1CA997350032AD54 /* CustomTableViewCell+ConfigurableCell.swift in Sources */ = {isa = PBXBuildFile; fileRef = 4FBF75D21CA997350032AD54 /* CustomTableViewCell+ConfigurableCell.swift */; };
		4FBF75E01CA997350032AD54 /* CollectionViewCountriesDataCoordinator.swift in Sources */ = {isa = PBXBuildFile; fileRef = 4FBF75D41CA997350032AD54 /* CollectionViewCountriesDataCoordinator.swift */; };
		4FBF75E11CA997350032AD54 /* CountriesTableViewDataCoordinator.swift in Sources */ = {isa = PBXBuildFile; fileRef = 4FBF75D51CA997350032AD54 /* CountriesTableViewDataCoordinator.swift */; };
		4FBF75E21CA997350032AD54 /* CountryCollectionViewCell.swift in Sources */ = {isa = PBXBuildFile; fileRef = 4FBF75D61CA997350032AD54 /* CountryCollectionViewCell.swift */; };
/* End PBXBuildFile section */

/* Begin PBXContainerItemProxy section */
		4F27EBE91CA703CB00AE4C73 /* PBXContainerItemProxy */ = {
			isa = PBXContainerItemProxy;
			containerPortal = 4F27EBCC1CA703CB00AE4C73 /* Project object */;
			proxyType = 1;
			remoteGlobalIDString = 4F27EBD31CA703CB00AE4C73;
			remoteInfo = DataArchitectureSample;
		};
/* End PBXContainerItemProxy section */

/* Begin PBXFileReference section */
		4F27EBD41CA703CB00AE4C73 /* DataArchitectureSample.app */ = {isa = PBXFileReference; explicitFileType = wrapper.application; includeInIndex = 0; path = DataArchitectureSample.app; sourceTree = BUILT_PRODUCTS_DIR; };
		4F27EBD71CA703CB00AE4C73 /* AppDelegate.swift */ = {isa = PBXFileReference; lastKnownFileType = sourcecode.swift; path = AppDelegate.swift; sourceTree = "<group>"; };
		4F27EBDC1CA703CB00AE4C73 /* Base */ = {isa = PBXFileReference; lastKnownFileType = file.storyboard; name = Base; path = Base.lproj/Main.storyboard; sourceTree = "<group>"; };
		4F27EBDE1CA703CB00AE4C73 /* Assets.xcassets */ = {isa = PBXFileReference; lastKnownFileType = folder.assetcatalog; path = Assets.xcassets; sourceTree = "<group>"; };
		4F27EBE11CA703CB00AE4C73 /* Base */ = {isa = PBXFileReference; lastKnownFileType = file.storyboard; name = Base; path = Base.lproj/LaunchScreen.storyboard; sourceTree = "<group>"; };
		4F27EBE31CA703CB00AE4C73 /* Info.plist */ = {isa = PBXFileReference; lastKnownFileType = text.plist.xml; path = Info.plist; sourceTree = "<group>"; };
		4F27EBE81CA703CB00AE4C73 /* DataArchitectureSampleTests.xctest */ = {isa = PBXFileReference; explicitFileType = wrapper.cfbundle; includeInIndex = 0; path = DataArchitectureSampleTests.xctest; sourceTree = BUILT_PRODUCTS_DIR; };
		4F27EBEC1CA703CB00AE4C73 /* DataArchitectureSampleTests.swift */ = {isa = PBXFileReference; lastKnownFileType = sourcecode.swift; path = DataArchitectureSampleTests.swift; sourceTree = "<group>"; };
		4F27EBEE1CA703CB00AE4C73 /* Info.plist */ = {isa = PBXFileReference; lastKnownFileType = text.plist.xml; path = Info.plist; sourceTree = "<group>"; };
		4F6251D91CA994B400983337 /* Country.swift */ = {isa = PBXFileReference; fileEncoding = 4; lastKnownFileType = sourcecode.swift; path = Country.swift; sourceTree = "<group>"; };
		4F6251DA1CA994B400983337 /* CountryTableViewCell.swift */ = {isa = PBXFileReference; fileEncoding = 4; lastKnownFileType = sourcecode.swift; path = CountryTableViewCell.swift; sourceTree = "<group>"; };
		4F6251DB1CA994B400983337 /* CountryTableViewCell.xib */ = {isa = PBXFileReference; fileEncoding = 4; lastKnownFileType = file.xib; path = CountryTableViewCell.xib; sourceTree = "<group>"; };
		4F6251E01CA9950500983337 /* MassiveViewController.swift */ = {isa = PBXFileReference; fileEncoding = 4; lastKnownFileType = sourcecode.swift; path = MassiveViewController.swift; sourceTree = "<group>"; };
		4F6251E21CA9950500983337 /* CountriesDataSource.swift */ = {isa = PBXFileReference; fileEncoding = 4; lastKnownFileType = sourcecode.swift; path = CountriesDataSource.swift; sourceTree = "<group>"; };
		4F6251E31CA9950500983337 /* LighterViewController.swift */ = {isa = PBXFileReference; fileEncoding = 4; lastKnownFileType = sourcecode.swift; path = LighterViewController.swift; sourceTree = "<group>"; };
		4FBF75C61CA997350032AD54 /* CountriesDataCoordinator.swift */ = {isa = PBXFileReference; fileEncoding = 4; lastKnownFileType = sourcecode.swift; path = CountriesDataCoordinator.swift; sourceTree = "<group>"; };
		4FBF75C71CA997350032AD54 /* CountriesDataProvider.swift */ = {isa = PBXFileReference; fileEncoding = 4; lastKnownFileType = sourcecode.swift; path = CountriesDataProvider.swift; sourceTree = "<group>"; };
		4FBF75C81CA997350032AD54 /* DataCoordinatorViewController.swift */ = {isa = PBXFileReference; fileEncoding = 4; lastKnownFileType = sourcecode.swift; path = DataCoordinatorViewController.swift; sourceTree = "<group>"; };
		4FBF75CA1CA997350032AD54 /* DataProvider.swift */ = {isa = PBXFileReference; fileEncoding = 4; lastKnownFileType = sourcecode.swift; path = DataProvider.swift; sourceTree = "<group>"; };
		4FBF75CD1CA997350032AD54 /* GenericCollectionViewDataCoordinator.swift */ = {isa = PBXFileReference; fileEncoding = 4; lastKnownFileType = sourcecode.swift; path = GenericCollectionViewDataCoordinator.swift; sourceTree = "<group>"; };
		4FBF75CE1CA997350032AD54 /* GenericTableViewDataCoordinator.swift */ = {isa = PBXFileReference; fileEncoding = 4; lastKnownFileType = sourcecode.swift; path = GenericTableViewDataCoordinator.swift; sourceTree = "<group>"; };
		4FBF75CF1CA997350032AD54 /* GenericDataCoordinatorViewController.swift */ = {isa = PBXFileReference; fileEncoding = 4; lastKnownFileType = sourcecode.swift; path = GenericDataCoordinatorViewController.swift; sourceTree = "<group>"; };
		4FBF75D11CA997350032AD54 /* ConfigurableCell.swift */ = {isa = PBXFileReference; fileEncoding = 4; lastKnownFileType = sourcecode.swift; path = ConfigurableCell.swift; sourceTree = "<group>"; };
		4FBF75D21CA997350032AD54 /* CustomTableViewCell+ConfigurableCell.swift */ = {isa = PBXFileReference; fileEncoding = 4; lastKnownFileType = sourcecode.swift; path = "CustomTableViewCell+ConfigurableCell.swift"; sourceTree = "<group>"; };
		4FBF75D41CA997350032AD54 /* CollectionViewCountriesDataCoordinator.swift */ = {isa = PBXFileReference; fileEncoding = 4; lastKnownFileType = sourcecode.swift; path = CollectionViewCountriesDataCoordinator.swift; sourceTree = "<group>"; };
		4FBF75D51CA997350032AD54 /* CountriesTableViewDataCoordinator.swift */ = {isa = PBXFileReference; fileEncoding = 4; lastKnownFileType = sourcecode.swift; path = CountriesTableViewDataCoordinator.swift; sourceTree = "<group>"; };
		4FBF75D61CA997350032AD54 /* CountryCollectionViewCell.swift */ = {isa = PBXFileReference; fileEncoding = 4; lastKnownFileType = sourcecode.swift; path = CountryCollectionViewCell.swift; sourceTree = "<group>"; };
/* End PBXFileReference section */

/* Begin PBXFrameworksBuildPhase section */
		4F27EBD11CA703CB00AE4C73 /* Frameworks */ = {
			isa = PBXFrameworksBuildPhase;
			buildActionMask = 2147483647;
			files = (
			);
			runOnlyForDeploymentPostprocessing = 0;
		};
		4F27EBE51CA703CB00AE4C73 /* Frameworks */ = {
			isa = PBXFrameworksBuildPhase;
			buildActionMask = 2147483647;
			files = (
			);
			runOnlyForDeploymentPostprocessing = 0;
		};
/* End PBXFrameworksBuildPhase section */

/* Begin PBXGroup section */
		4F27EBCB1CA703CA00AE4C73 = {
			isa = PBXGroup;
			children = (
				4F27EBD61CA703CB00AE4C73 /* DataArchitectureSample */,
				4F27EBEB1CA703CB00AE4C73 /* DataArchitectureSampleTests */,
				4F27EBD51CA703CB00AE4C73 /* Products */,
			);
			sourceTree = "<group>";
		};
		4F27EBD51CA703CB00AE4C73 /* Products */ = {
			isa = PBXGroup;
			children = (
				4F27EBD41CA703CB00AE4C73 /* DataArchitectureSample.app */,
				4F27EBE81CA703CB00AE4C73 /* DataArchitectureSampleTests.xctest */,
			);
			name = Products;
			sourceTree = "<group>";
		};
		4F27EBD61CA703CB00AE4C73 /* DataArchitectureSample */ = {
			isa = PBXGroup;
			children = (
				4F27EBD71CA703CB00AE4C73 /* AppDelegate.swift */,
				4F27EBDB1CA703CB00AE4C73 /* Main.storyboard */,
				4F6251D81CA9949F00983337 /* Common classes */,
				4F6251DF1CA9950500983337 /* 1. MassiveViewController */,
				4F6251E11CA9950500983337 /* 2. LighterViewController */,
				4FBF75C41CA997350032AD54 /* 3. DataCoordinatorViewController */,
				4FBF75CB1CA997350032AD54 /* 4. GenericDataCoordinatorViewController */,
				4F27EBDE1CA703CB00AE4C73 /* Assets.xcassets */,
				4F27EBE01CA703CB00AE4C73 /* LaunchScreen.storyboard */,
				4F27EBE31CA703CB00AE4C73 /* Info.plist */,
			);
			path = DataArchitectureSample;
			sourceTree = "<group>";
		};
		4F27EBEB1CA703CB00AE4C73 /* DataArchitectureSampleTests */ = {
			isa = PBXGroup;
			children = (
				4F27EBEC1CA703CB00AE4C73 /* DataArchitectureSampleTests.swift */,
				4F27EBEE1CA703CB00AE4C73 /* Info.plist */,
			);
			path = DataArchitectureSampleTests;
			sourceTree = "<group>";
		};
		4F6251D81CA9949F00983337 /* Common classes */ = {
			isa = PBXGroup;
			children = (
				4F6251D91CA994B400983337 /* Country.swift */,
				4F6251DA1CA994B400983337 /* CountryTableViewCell.swift */,
				4F6251DB1CA994B400983337 /* CountryTableViewCell.xib */,
			);
			path = "Common classes";
			sourceTree = "<group>";
		};
		4F6251DF1CA9950500983337 /* 1. MassiveViewController */ = {
			isa = PBXGroup;
			children = (
				4F6251E01CA9950500983337 /* MassiveViewController.swift */,
			);
			path = "1. MassiveViewController";
			sourceTree = "<group>";
		};
		4F6251E11CA9950500983337 /* 2. LighterViewController */ = {
			isa = PBXGroup;
			children = (
				4F6251E21CA9950500983337 /* CountriesDataSource.swift */,
				4F6251E31CA9950500983337 /* LighterViewController.swift */,
			);
			path = "2. LighterViewController";
			sourceTree = "<group>";
		};
		4FBF75C41CA997350032AD54 /* 3. DataCoordinatorViewController */ = {
			isa = PBXGroup;
			children = (
				4FBF75C81CA997350032AD54 /* DataCoordinatorViewController.swift */,
				4FBF75C91CA997350032AD54 /* Protocols */,
				4FBF75C51CA997350032AD54 /* Concrete Types */,
			);
			path = "3. DataCoordinatorViewController";
			sourceTree = "<group>";
		};
		4FBF75C51CA997350032AD54 /* Concrete Types */ = {
			isa = PBXGroup;
			children = (
				4FBF75C61CA997350032AD54 /* CountriesDataCoordinator.swift */,
				4FBF75C71CA997350032AD54 /* CountriesDataProvider.swift */,
			);
			path = "Concrete Types";
			sourceTree = "<group>";
		};
		4FBF75C91CA997350032AD54 /* Protocols */ = {
			isa = PBXGroup;
			children = (
				4FBF75CA1CA997350032AD54 /* DataProvider.swift */,
			);
			path = Protocols;
			sourceTree = "<group>";
		};
		4FBF75CB1CA997350032AD54 /* 4. GenericDataCoordinatorViewController */ = {
			isa = PBXGroup;
			children = (
				4FBF75CF1CA997350032AD54 /* GenericDataCoordinatorViewController.swift */,
				4FBF75D01CA997350032AD54 /* Protocols */,
				4FBF75CC1CA997350032AD54 /* Generic Types */,
				4FBF75D31CA997350032AD54 /* Specific Types */,
			);
			path = "4. GenericDataCoordinatorViewController";
			sourceTree = "<group>";
		};
		4FBF75CC1CA997350032AD54 /* Generic Types */ = {
			isa = PBXGroup;
			children = (
				4FBF75CD1CA997350032AD54 /* GenericCollectionViewDataCoordinator.swift */,
				4FBF75CE1CA997350032AD54 /* GenericTableViewDataCoordinator.swift */,
			);
			path = "Generic Types";
			sourceTree = "<group>";
		};
		4FBF75D01CA997350032AD54 /* Protocols */ = {
			isa = PBXGroup;
			children = (
				4FBF75D11CA997350032AD54 /* ConfigurableCell.swift */,
				4FBF75D21CA997350032AD54 /* CustomTableViewCell+ConfigurableCell.swift */,
			);
			path = Protocols;
			sourceTree = "<group>";
		};
		4FBF75D31CA997350032AD54 /* Specific Types */ = {
			isa = PBXGroup;
			children = (
				4FBF75D41CA997350032AD54 /* CollectionViewCountriesDataCoordinator.swift */,
				4FBF75D51CA997350032AD54 /* CountriesTableViewDataCoordinator.swift */,
				4FBF75D61CA997350032AD54 /* CountryCollectionViewCell.swift */,
			);
			path = "Specific Types";
			sourceTree = "<group>";
		};
/* End PBXGroup section */

/* Begin PBXNativeTarget section */
		4F27EBD31CA703CB00AE4C73 /* DataArchitectureSample */ = {
			isa = PBXNativeTarget;
			buildConfigurationList = 4F27EBF11CA703CB00AE4C73 /* Build configuration list for PBXNativeTarget "DataArchitectureSample" */;
			buildPhases = (
				4F27EBD01CA703CB00AE4C73 /* Sources */,
				4F27EBD11CA703CB00AE4C73 /* Frameworks */,
				4F27EBD21CA703CB00AE4C73 /* Resources */,
			);
			buildRules = (
			);
			dependencies = (
			);
			name = DataArchitectureSample;
			productName = DataArchitectureSample;
			productReference = 4F27EBD41CA703CB00AE4C73 /* DataArchitectureSample.app */;
			productType = "com.apple.product-type.application";
		};
		4F27EBE71CA703CB00AE4C73 /* DataArchitectureSampleTests */ = {
			isa = PBXNativeTarget;
			buildConfigurationList = 4F27EBF41CA703CB00AE4C73 /* Build configuration list for PBXNativeTarget "DataArchitectureSampleTests" */;
			buildPhases = (
				4F27EBE41CA703CB00AE4C73 /* Sources */,
				4F27EBE51CA703CB00AE4C73 /* Frameworks */,
				4F27EBE61CA703CB00AE4C73 /* Resources */,
			);
			buildRules = (
			);
			dependencies = (
				4F27EBEA1CA703CB00AE4C73 /* PBXTargetDependency */,
			);
			name = DataArchitectureSampleTests;
			productName = DataArchitectureSampleTests;
			productReference = 4F27EBE81CA703CB00AE4C73 /* DataArchitectureSampleTests.xctest */;
			productType = "com.apple.product-type.bundle.unit-test";
		};
/* End PBXNativeTarget section */

/* Begin PBXProject section */
		4F27EBCC1CA703CB00AE4C73 /* Project object */ = {
			isa = PBXProject;
			attributes = {
				LastSwiftUpdateCheck = 0730;
				LastUpgradeCheck = 0730;
				ORGANIZATIONNAME = "Luciano Marisi";
				TargetAttributes = {
					4F27EBD31CA703CB00AE4C73 = {
						CreatedOnToolsVersion = 7.3;
					};
					4F27EBE71CA703CB00AE4C73 = {
						CreatedOnToolsVersion = 7.3;
						TestTargetID = 4F27EBD31CA703CB00AE4C73;
					};
				};
			};
			buildConfigurationList = 4F27EBCF1CA703CB00AE4C73 /* Build configuration list for PBXProject "DataArchitectureSample" */;
			compatibilityVersion = "Xcode 3.2";
			developmentRegion = English;
			hasScannedForEncodings = 0;
			knownRegions = (
				en,
				Base,
			);
			mainGroup = 4F27EBCB1CA703CA00AE4C73;
			productRefGroup = 4F27EBD51CA703CB00AE4C73 /* Products */;
			projectDirPath = "";
			projectRoot = "";
			targets = (
				4F27EBD31CA703CB00AE4C73 /* DataArchitectureSample */,
				4F27EBE71CA703CB00AE4C73 /* DataArchitectureSampleTests */,
			);
		};
/* End PBXProject section */

/* Begin PBXResourcesBuildPhase section */
		4F27EBD21CA703CB00AE4C73 /* Resources */ = {
			isa = PBXResourcesBuildPhase;
			buildActionMask = 2147483647;
			files = (
				4F27EBE21CA703CB00AE4C73 /* LaunchScreen.storyboard in Resources */,
				4F27EBDF1CA703CB00AE4C73 /* Assets.xcassets in Resources */,
				4F6251DE1CA994B400983337 /* CountryTableViewCell.xib in Resources */,
				4F27EBDD1CA703CB00AE4C73 /* Main.storyboard in Resources */,
			);
			runOnlyForDeploymentPostprocessing = 0;
		};
		4F27EBE61CA703CB00AE4C73 /* Resources */ = {
			isa = PBXResourcesBuildPhase;
			buildActionMask = 2147483647;
			files = (
			);
			runOnlyForDeploymentPostprocessing = 0;
		};
/* End PBXResourcesBuildPhase section */

/* Begin PBXSourcesBuildPhase section */
		4F27EBD01CA703CB00AE4C73 /* Sources */ = {
			isa = PBXSourcesBuildPhase;
			buildActionMask = 2147483647;
			files = (
				4FBF75DD1CA997350032AD54 /* GenericDataCoordinatorViewController.swift in Sources */,
				4F6251F91CA9950500983337 /* LighterViewController.swift in Sources */,
				4F6251DD1CA994B400983337 /* CountryTableViewCell.swift in Sources */,
				4FBF75DC1CA997350032AD54 /* GenericTableViewDataCoordinator.swift in Sources */,
				4FBF75DA1CA997350032AD54 /* DataProvider.swift in Sources */,
				4FBF75D91CA997350032AD54 /* DataCoordinatorViewController.swift in Sources */,
				4F6251F71CA9950500983337 /* MassiveViewController.swift in Sources */,
				4FBF75DF1CA997350032AD54 /* CustomTableViewCell+ConfigurableCell.swift in Sources */,
				4FBF75E01CA997350032AD54 /* CollectionViewCountriesDataCoordinator.swift in Sources */,
				4F6251F81CA9950500983337 /* CountriesDataSource.swift in Sources */,
				4FBF75DB1CA997350032AD54 /* GenericCollectionViewDataCoordinator.swift in Sources */,
				4F27EBD81CA703CB00AE4C73 /* AppDelegate.swift in Sources */,
				4FBF75E11CA997350032AD54 /* CountriesTableViewDataCoordinator.swift in Sources */,
				4FBF75E21CA997350032AD54 /* CountryCollectionViewCell.swift in Sources */,
				4FBF75DE1CA997350032AD54 /* ConfigurableCell.swift in Sources */,
				4F6251DC1CA994B400983337 /* Country.swift in Sources */,
				4FBF75D71CA997350032AD54 /* CountriesDataCoordinator.swift in Sources */,
				4FBF75D81CA997350032AD54 /* CountriesDataProvider.swift in Sources */,
			);
			runOnlyForDeploymentPostprocessing = 0;
		};
		4F27EBE41CA703CB00AE4C73 /* Sources */ = {
			isa = PBXSourcesBuildPhase;
			buildActionMask = 2147483647;
			files = (
				4F27EBED1CA703CB00AE4C73 /* DataArchitectureSampleTests.swift in Sources */,
			);
			runOnlyForDeploymentPostprocessing = 0;
		};
/* End PBXSourcesBuildPhase section */

/* Begin PBXTargetDependency section */
		4F27EBEA1CA703CB00AE4C73 /* PBXTargetDependency */ = {
			isa = PBXTargetDependency;
			target = 4F27EBD31CA703CB00AE4C73 /* DataArchitectureSample */;
			targetProxy = 4F27EBE91CA703CB00AE4C73 /* PBXContainerItemProxy */;
		};
/* End PBXTargetDependency section */

/* Begin PBXVariantGroup section */
		4F27EBDB1CA703CB00AE4C73 /* Main.storyboard */ = {
			isa = PBXVariantGroup;
			children = (
				4F27EBDC1CA703CB00AE4C73 /* Base */,
			);
			name = Main.storyboard;
			sourceTree = "<group>";
		};
		4F27EBE01CA703CB00AE4C73 /* LaunchScreen.storyboard */ = {
			isa = PBXVariantGroup;
			children = (
				4F27EBE11CA703CB00AE4C73 /* Base */,
			);
			name = LaunchScreen.storyboard;
			sourceTree = "<group>";
		};
/* End PBXVariantGroup section */

/* Begin XCBuildConfiguration section */
		4F27EBEF1CA703CB00AE4C73 /* Debug */ = {
			isa = XCBuildConfiguration;
			buildSettings = {
				ALWAYS_SEARCH_USER_PATHS = NO;
				CLANG_ANALYZER_NONNULL = YES;
				CLANG_CXX_LANGUAGE_STANDARD = "gnu++0x";
				CLANG_CXX_LIBRARY = "libc++";
				CLANG_ENABLE_MODULES = YES;
				CLANG_ENABLE_OBJC_ARC = YES;
				CLANG_WARN_BOOL_CONVERSION = YES;
				CLANG_WARN_CONSTANT_CONVERSION = YES;
				CLANG_WARN_DIRECT_OBJC_ISA_USAGE = YES_ERROR;
				CLANG_WARN_EMPTY_BODY = YES;
				CLANG_WARN_ENUM_CONVERSION = YES;
				CLANG_WARN_INT_CONVERSION = YES;
				CLANG_WARN_OBJC_ROOT_CLASS = YES_ERROR;
				CLANG_WARN_UNREACHABLE_CODE = YES;
				CLANG_WARN__DUPLICATE_METHOD_MATCH = YES;
				"CODE_SIGN_IDENTITY[sdk=iphoneos*]" = "iPhone Developer";
				COPY_PHASE_STRIP = NO;
				DEBUG_INFORMATION_FORMAT = dwarf;
				ENABLE_STRICT_OBJC_MSGSEND = YES;
				ENABLE_TESTABILITY = YES;
				GCC_C_LANGUAGE_STANDARD = gnu99;
				GCC_DYNAMIC_NO_PIC = NO;
				GCC_NO_COMMON_BLOCKS = YES;
				GCC_OPTIMIZATION_LEVEL = 0;
				GCC_PREPROCESSOR_DEFINITIONS = (
					"DEBUG=1",
					"$(inherited)",
				);
				GCC_WARN_64_TO_32_BIT_CONVERSION = YES;
				GCC_WARN_ABOUT_RETURN_TYPE = YES_ERROR;
				GCC_WARN_UNDECLARED_SELECTOR = YES;
				GCC_WARN_UNINITIALIZED_AUTOS = YES_AGGRESSIVE;
				GCC_WARN_UNUSED_FUNCTION = YES;
				GCC_WARN_UNUSED_VARIABLE = YES;
				IPHONEOS_DEPLOYMENT_TARGET = 9.0;
				MTL_ENABLE_DEBUG_INFO = YES;
				ONLY_ACTIVE_ARCH = YES;
				SDKROOT = iphoneos;
				SWIFT_OPTIMIZATION_LEVEL = "-Onone";
				TARGETED_DEVICE_FAMILY = "1,2";
			};
			name = Debug;
		};
		4F27EBF01CA703CB00AE4C73 /* Release */ = {
			isa = XCBuildConfiguration;
			buildSettings = {
				ALWAYS_SEARCH_USER_PATHS = NO;
				CLANG_ANALYZER_NONNULL = YES;
				CLANG_CXX_LANGUAGE_STANDARD = "gnu++0x";
				CLANG_CXX_LIBRARY = "libc++";
				CLANG_ENABLE_MODULES = YES;
				CLANG_ENABLE_OBJC_ARC = YES;
				CLANG_WARN_BOOL_CONVERSION = YES;
				CLANG_WARN_CONSTANT_CONVERSION = YES;
				CLANG_WARN_DIRECT_OBJC_ISA_USAGE = YES_ERROR;
				CLANG_WARN_EMPTY_BODY = YES;
				CLANG_WARN_ENUM_CONVERSION = YES;
				CLANG_WARN_INT_CONVERSION = YES;
				CLANG_WARN_OBJC_ROOT_CLASS = YES_ERROR;
				CLANG_WARN_UNREACHABLE_CODE = YES;
				CLANG_WARN__DUPLICATE_METHOD_MATCH = YES;
				"CODE_SIGN_IDENTITY[sdk=iphoneos*]" = "iPhone Developer";
				COPY_PHASE_STRIP = NO;
				DEBUG_INFORMATION_FORMAT = "dwarf-with-dsym";
				ENABLE_NS_ASSERTIONS = NO;
				ENABLE_STRICT_OBJC_MSGSEND = YES;
				GCC_C_LANGUAGE_STANDARD = gnu99;
				GCC_NO_COMMON_BLOCKS = YES;
				GCC_WARN_64_TO_32_BIT_CONVERSION = YES;
				GCC_WARN_ABOUT_RETURN_TYPE = YES_ERROR;
				GCC_WARN_UNDECLARED_SELECTOR = YES;
				GCC_WARN_UNINITIALIZED_AUTOS = YES_AGGRESSIVE;
				GCC_WARN_UNUSED_FUNCTION = YES;
				GCC_WARN_UNUSED_VARIABLE = YES;
				IPHONEOS_DEPLOYMENT_TARGET = 9.0;
				MTL_ENABLE_DEBUG_INFO = NO;
				SDKROOT = iphoneos;
				TARGETED_DEVICE_FAMILY = "1,2";
				VALIDATE_PRODUCT = YES;
			};
			name = Release;
		};
		4F27EBF21CA703CB00AE4C73 /* Debug */ = {
			isa = XCBuildConfiguration;
			buildSettings = {
				ASSETCATALOG_COMPILER_APPICON_NAME = AppIcon;
				INFOPLIST_FILE = DataArchitectureSample/Info.plist;
				LD_RUNPATH_SEARCH_PATHS = "$(inherited) @executable_path/Frameworks";
				PRODUCT_BUNDLE_IDENTIFIER = com.lucianomarisi.DataArchitectureSample;
				PRODUCT_NAME = "$(TARGET_NAME)";
			};
			name = Debug;
		};
		4F27EBF31CA703CB00AE4C73 /* Release */ = {
			isa = XCBuildConfiguration;
			buildSettings = {
				ASSETCATALOG_COMPILER_APPICON_NAME = AppIcon;
				INFOPLIST_FILE = DataArchitectureSample/Info.plist;
				LD_RUNPATH_SEARCH_PATHS = "$(inherited) @executable_path/Frameworks";
				PRODUCT_BUNDLE_IDENTIFIER = com.lucianomarisi.DataArchitectureSample;
				PRODUCT_NAME = "$(TARGET_NAME)";
			};
			name = Release;
		};
		4F27EBF51CA703CB00AE4C73 /* Debug */ = {
			isa = XCBuildConfiguration;
			buildSettings = {
				BUNDLE_LOADER = "$(TEST_HOST)";
				INFOPLIST_FILE = DataArchitectureSampleTests/Info.plist;
				LD_RUNPATH_SEARCH_PATHS = "$(inherited) @executable_path/Frameworks @loader_path/Frameworks";
				PRODUCT_BUNDLE_IDENTIFIER = com.lucianomarisi.DataArchitectureSampleTests;
				PRODUCT_NAME = "$(TARGET_NAME)";
				TEST_HOST = "$(BUILT_PRODUCTS_DIR)/DataArchitectureSample.app/DataArchitectureSample";
			};
			name = Debug;
		};
		4F27EBF61CA703CB00AE4C73 /* Release */ = {
			isa = XCBuildConfiguration;
			buildSettings = {
				BUNDLE_LOADER = "$(TEST_HOST)";
				INFOPLIST_FILE = DataArchitectureSampleTests/Info.plist;
				LD_RUNPATH_SEARCH_PATHS = "$(inherited) @executable_path/Frameworks @loader_path/Frameworks";
				PRODUCT_BUNDLE_IDENTIFIER = com.lucianomarisi.DataArchitectureSampleTests;
				PRODUCT_NAME = "$(TARGET_NAME)";
				TEST_HOST = "$(BUILT_PRODUCTS_DIR)/DataArchitectureSample.app/DataArchitectureSample";
			};
			name = Release;
		};
/* End XCBuildConfiguration section */

/* Begin XCConfigurationList section */
		4F27EBCF1CA703CB00AE4C73 /* Build configuration list for PBXProject "DataArchitectureSample" */ = {
			isa = XCConfigurationList;
			buildConfigurations = (
				4F27EBEF1CA703CB00AE4C73 /* Debug */,
				4F27EBF01CA703CB00AE4C73 /* Release */,
			);
			defaultConfigurationIsVisible = 0;
			defaultConfigurationName = Release;
		};
		4F27EBF11CA703CB00AE4C73 /* Build configuration list for PBXNativeTarget "DataArchitectureSample" */ = {
			isa = XCConfigurationList;
			buildConfigurations = (
				4F27EBF21CA703CB00AE4C73 /* Debug */,
				4F27EBF31CA703CB00AE4C73 /* Release */,
			);
			defaultConfigurationIsVisible = 0;
			defaultConfigurationName = Release;
		};
		4F27EBF41CA703CB00AE4C73 /* Build configuration list for PBXNativeTarget "DataArchitectureSampleTests" */ = {
			isa = XCConfigurationList;
			buildConfigurations = (
				4F27EBF51CA703CB00AE4C73 /* Debug */,
				4F27EBF61CA703CB00AE4C73 /* Release */,
			);
			defaultConfigurationIsVisible = 0;
			defaultConfigurationName = Release;
		};
/* End XCConfigurationList section */
	};
	rootObject = 4F27EBCC1CA703CB00AE4C73 /* Project object */;
}
